
Microsoft Visual Studio Solution File, Format Version 12.00
# Visual Studio Version 17
VisualStudioVersion = 17.3.32929.385
MinimumVisualStudioVersion = 10.0.40219.1
Project("{FAE04EC0-301F-11D3-BF4B-00C04F79EFBC}") = "CasaDoCodigo", "CasaDoCodigo\CasaDoCodigo.csproj", "{45D98B6C-913D-43B7-9ECD-3ADFB4ECBACD}"
EndProject
Global
	GlobalSection(SolutionConfigurationPlatforms) = preSolution
		Debug|Any CPU = Debug|Any CPU
		Release|Any CPU = Release|Any CPU
	EndGlobalSection
	GlobalSection(ProjectConfigurationPlatforms) = postSolution
		{45D98B6C-913D-43B7-9ECD-3ADFB4ECBACD}.Debug|Any CPU.ActiveCfg = Debug|Any CPU
		{45D98B6C-913D-43B7-9ECD-3ADFB4ECBACD}.Debug|Any CPU.Build.0 = Debug|Any CPU
		{45D98B6C-913D-43B7-9ECD-3ADFB4ECBACD}.Release|Any CPU.ActiveCfg = Release|Any CPU
		{45D98B6C-913D-43B7-9ECD-3ADFB4ECBACD}.Release|Any CPU.Build.0 = Release|Any CPU
	EndGlobalSection
	GlobalSection(SolutionProperties) = preSolution
		HideSolutionNode = FALSE
	EndGlobalSection
	GlobalSection(ExtensibilityGlobals) = postSolution
		SolutionGuid = {835BF3F7-2E04-479C-B54B-222003FC9546}
	EndGlobalSection
EndGlobal
